
Microsoft Visual Studio Solution File, Format Version 12.00
# Visual Studio Version 16
VisualStudioVersion = 16.0.30011.22
MinimumVisualStudioVersion = 10.0.40219.1
Project("{FAE04EC0-301F-11D3-BF4B-00C04F79EFBC}") = "Password Generator", "Password Generator\Password Generator.csproj", "{4317B4ED-86F6-4E9F-9BF3-485012BE5E72}"
EndProject
Global
	GlobalSection(SolutionConfigurationPlatforms) = preSolution
		Debug|Any CPU = Debug|Any CPU
		Release|Any CPU = Release|Any CPU
	EndGlobalSection
	GlobalSection(ProjectConfigurationPlatforms) = postSolution
		{4317B4ED-86F6-4E9F-9BF3-485012BE5E72}.Debug|Any CPU.ActiveCfg = Debug|Any CPU
		{4317B4ED-86F6-4E9F-9BF3-485012BE5E72}.Debug|Any CPU.Build.0 = Debug|Any CPU
		{4317B4ED-86F6-4E9F-9BF3-485012BE5E72}.Release|Any CPU.ActiveCfg = Release|Any CPU
		{4317B4ED-86F6-4E9F-9BF3-485012BE5E72}.Release|Any CPU.Build.0 = Release|Any CPU
	EndGlobalSection
	GlobalSection(SolutionProperties) = preSolution
		HideSolutionNode = FALSE
	EndGlobalSection
	GlobalSection(ExtensibilityGlobals) = postSolution
		SolutionGuid = {5082773E-ED8A-4B36-A072-C5699536DBF6}
	EndGlobalSection
EndGlobal
